// !$*UTF8*$!
{
	archiveVersion = 1;
	classes = {
	};
	objectVersion = 46;
	objects = {

/* Begin PBXBuildFile section */
		38B06D5E1DF63A750003DCC6 /* AppDelegate.swift in Sources */ = {isa = PBXBuildFile; fileRef = 38B06D5D1DF63A750003DCC6 /* AppDelegate.swift */; };
		38B06D601DF63A750003DCC6 /* ViewController.swift in Sources */ = {isa = PBXBuildFile; fileRef = 38B06D5F1DF63A750003DCC6 /* ViewController.swift */; };
		38B06D631DF63A750003DCC6 /* Main.storyboard in Resources */ = {isa = PBXBuildFile; fileRef = 38B06D611DF63A750003DCC6 /* Main.storyboard */; };
		38B06D651DF63A750003DCC6 /* Assets.xcassets in Resources */ = {isa = PBXBuildFile; fileRef = 38B06D641DF63A750003DCC6 /* Assets.xcassets */; };
		38B06D681DF63A750003DCC6 /* LaunchScreen.storyboard in Resources */ = {isa = PBXBuildFile; fileRef = 38B06D661DF63A750003DCC6 /* LaunchScreen.storyboard */; };
		38B06D731DF63A760003DCC6 /* stackStackTests.swift in Sources */ = {isa = PBXBuildFile; fileRef = 38B06D721DF63A760003DCC6 /* stackStackTests.swift */; };
		38B06D7E1DF63A760003DCC6 /* stackStackUITests.swift in Sources */ = {isa = PBXBuildFile; fileRef = 38B06D7D1DF63A760003DCC6 /* stackStackUITests.swift */; };
/* End PBXBuildFile section */

/* Begin PBXContainerItemProxy section */
		38B06D6F1DF63A760003DCC6 /* PBXContainerItemProxy */ = {
			isa = PBXContainerItemProxy;
			containerPortal = 38B06D521DF63A740003DCC6 /* Project object */;
			proxyType = 1;
			remoteGlobalIDString = 38B06D591DF63A740003DCC6;
			remoteInfo = stackStack;
		};
		38B06D7A1DF63A760003DCC6 /* PBXContainerItemProxy */ = {
			isa = PBXContainerItemProxy;
			containerPortal = 38B06D521DF63A740003DCC6 /* Project object */;
			proxyType = 1;
			remoteGlobalIDString = 38B06D591DF63A740003DCC6;
			remoteInfo = stackStack;
		};
/* End PBXContainerItemProxy section */

/* Begin PBXFileReference section */
		38B06D5A1DF63A750003DCC6 /* stackStack.app */ = {isa = PBXFileReference; explicitFileType = wrapper.application; includeInIndex = 0; path = stackStack.app; sourceTree = BUILT_PRODUCTS_DIR; };
		38B06D5D1DF63A750003DCC6 /* AppDelegate.swift */ = {isa = PBXFileReference; lastKnownFileType = sourcecode.swift; path = AppDelegate.swift; sourceTree = "<group>"; };
		38B06D5F1DF63A750003DCC6 /* ViewController.swift */ = {isa = PBXFileReference; lastKnownFileType = sourcecode.swift; path = ViewController.swift; sourceTree = "<group>"; };
		38B06D621DF63A750003DCC6 /* Base */ = {isa = PBXFileReference; lastKnownFileType = file.storyboard; name = Base; path = Base.lproj/Main.storyboard; sourceTree = "<group>"; };
		38B06D641DF63A750003DCC6 /* Assets.xcassets */ = {isa = PBXFileReference; lastKnownFileType = folder.assetcatalog; path = Assets.xcassets; sourceTree = "<group>"; };
		38B06D671DF63A750003DCC6 /* Base */ = {isa = PBXFileReference; lastKnownFileType = file.storyboard; name = Base; path = Base.lproj/LaunchScreen.storyboard; sourceTree = "<group>"; };
		38B06D691DF63A750003DCC6 /* Info.plist */ = {isa = PBXFileReference; lastKnownFileType = text.plist.xml; path = Info.plist; sourceTree = "<group>"; };
		38B06D6E1DF63A760003DCC6 /* stackStackTests.xctest */ = {isa = PBXFileReference; explicitFileType = wrapper.cfbundle; includeInIndex = 0; path = stackStackTests.xctest; sourceTree = BUILT_PRODUCTS_DIR; };
		38B06D721DF63A760003DCC6 /* stackStackTests.swift */ = {isa = PBXFileReference; lastKnownFileType = sourcecode.swift; path = stackStackTests.swift; sourceTree = "<group>"; };
		38B06D741DF63A760003DCC6 /* Info.plist */ = {isa = PBXFileReference; lastKnownFileType = text.plist.xml; path = Info.plist; sourceTree = "<group>"; };
		38B06D791DF63A760003DCC6 /* stackStackUITests.xctest */ = {isa = PBXFileReference; explicitFileType = wrapper.cfbundle; includeInIndex = 0; path = stackStackUITests.xctest; sourceTree = BUILT_PRODUCTS_DIR; };
		38B06D7D1DF63A760003DCC6 /* stackStackUITests.swift */ = {isa = PBXFileReference; lastKnownFileType = sourcecode.swift; path = stackStackUITests.swift; sourceTree = "<group>"; };
		38B06D7F1DF63A760003DCC6 /* Info.plist */ = {isa = PBXFileReference; lastKnownFileType = text.plist.xml; path = Info.plist; sourceTree = "<group>"; };
/* End PBXFileReference section */

/* Begin PBXFrameworksBuildPhase section */
		38B06D571DF63A740003DCC6 /* Frameworks */ = {
			isa = PBXFrameworksBuildPhase;
			buildActionMask = 2147483647;
			files = (
			);
			runOnlyForDeploymentPostprocessing = 0;
		};
		38B06D6B1DF63A760003DCC6 /* Frameworks */ = {
			isa = PBXFrameworksBuildPhase;
			buildActionMask = 2147483647;
			files = (
			);
			runOnlyForDeploymentPostprocessing = 0;
		};
		38B06D761DF63A760003DCC6 /* Frameworks */ = {
			isa = PBXFrameworksBuildPhase;
			buildActionMask = 2147483647;
			files = (
			);
			runOnlyForDeploymentPostprocessing = 0;
		};
/* End PBXFrameworksBuildPhase section */

/* Begin PBXGroup section */
		38B06D511DF63A740003DCC6 = {
			isa = PBXGroup;
			children = (
				38B06D5C1DF63A750003DCC6 /* stackStack */,
				38B06D711DF63A760003DCC6 /* stackStackTests */,
				38B06D7C1DF63A760003DCC6 /* stackStackUITests */,
				38B06D5B1DF63A750003DCC6 /* Products */,
			);
			sourceTree = "<group>";
		};
		38B06D5B1DF63A750003DCC6 /* Products */ = {
			isa = PBXGroup;
			children = (
				38B06D5A1DF63A750003DCC6 /* stackStack.app */,
				38B06D6E1DF63A760003DCC6 /* stackStackTests.xctest */,
				38B06D791DF63A760003DCC6 /* stackStackUITests.xctest */,
			);
			name = Products;
			sourceTree = "<group>";
		};
		38B06D5C1DF63A750003DCC6 /* stackStack */ = {
			isa = PBXGroup;
			children = (
				38B06D5D1DF63A750003DCC6 /* AppDelegate.swift */,
				38B06D5F1DF63A750003DCC6 /* ViewController.swift */,
				38B06D611DF63A750003DCC6 /* Main.storyboard */,
				38B06D641DF63A750003DCC6 /* Assets.xcassets */,
				38B06D661DF63A750003DCC6 /* LaunchScreen.storyboard */,
				38B06D691DF63A750003DCC6 /* Info.plist */,
			);
			path = stackStack;
			sourceTree = "<group>";
		};
		38B06D711DF63A760003DCC6 /* stackStackTests */ = {
			isa = PBXGroup;
			children = (
				38B06D721DF63A760003DCC6 /* stackStackTests.swift */,
				38B06D741DF63A760003DCC6 /* Info.plist */,
			);
			path = stackStackTests;
			sourceTree = "<group>";
		};
		38B06D7C1DF63A760003DCC6 /* stackStackUITests */ = {
			isa = PBXGroup;
			children = (
				38B06D7D1DF63A760003DCC6 /* stackStackUITests.swift */,
				38B06D7F1DF63A760003DCC6 /* Info.plist */,
			);
			path = stackStackUITests;
			sourceTree = "<group>";
		};
/* End PBXGroup section */

/* Begin PBXNativeTarget section */
		38B06D591DF63A740003DCC6 /* stackStack */ = {
			isa = PBXNativeTarget;
			buildConfigurationList = 38B06D821DF63A760003DCC6 /* Build configuration list for PBXNativeTarget "stackStack" */;
			buildPhases = (
				38B06D561DF63A740003DCC6 /* Sources */,
				38B06D571DF63A740003DCC6 /* Frameworks */,
				38B06D581DF63A740003DCC6 /* Resources */,
			);
			buildRules = (
			);
			dependencies = (
			);
			name = stackStack;
			productName = stackStack;
			productReference = 38B06D5A1DF63A750003DCC6 /* stackStack.app */;
			productType = "com.apple.product-type.application";
		};
		38B06D6D1DF63A760003DCC6 /* stackStackTests */ = {
			isa = PBXNativeTarget;
			buildConfigurationList = 38B06D851DF63A760003DCC6 /* Build configuration list for PBXNativeTarget "stackStackTests" */;
			buildPhases = (
				38B06D6A1DF63A760003DCC6 /* Sources */,
				38B06D6B1DF63A760003DCC6 /* Frameworks */,
				38B06D6C1DF63A760003DCC6 /* Resources */,
			);
			buildRules = (
			);
			dependencies = (
				38B06D701DF63A760003DCC6 /* PBXTargetDependency */,
			);
			name = stackStackTests;
			productName = stackStackTests;
			productReference = 38B06D6E1DF63A760003DCC6 /* stackStackTests.xctest */;
			productType = "com.apple.product-type.bundle.unit-test";
		};
		38B06D781DF63A760003DCC6 /* stackStackUITests */ = {
			isa = PBXNativeTarget;
			buildConfigurationList = 38B06D881DF63A760003DCC6 /* Build configuration list for PBXNativeTarget "stackStackUITests" */;
			buildPhases = (
				38B06D751DF63A760003DCC6 /* Sources */,
				38B06D761DF63A760003DCC6 /* Frameworks */,
				38B06D771DF63A760003DCC6 /* Resources */,
			);
			buildRules = (
			);
			dependencies = (
				38B06D7B1DF63A760003DCC6 /* PBXTargetDependency */,
			);
			name = stackStackUITests;
			productName = stackStackUITests;
			productReference = 38B06D791DF63A760003DCC6 /* stackStackUITests.xctest */;
			productType = "com.apple.product-type.bundle.ui-testing";
		};
/* End PBXNativeTarget section */

/* Begin PBXProject section */
		38B06D521DF63A740003DCC6 /* Project object */ = {
			isa = PBXProject;
			attributes = {
				LastSwiftUpdateCheck = 0800;
				LastUpgradeCheck = 0800;
				ORGANIZATIONNAME = Ozair;
				TargetAttributes = {
					38B06D591DF63A740003DCC6 = {
						CreatedOnToolsVersion = 8.0;
						ProvisioningStyle = Automatic;
					};
					38B06D6D1DF63A760003DCC6 = {
						CreatedOnToolsVersion = 8.0;
						ProvisioningStyle = Automatic;
						TestTargetID = 38B06D591DF63A740003DCC6;
					};
					38B06D781DF63A760003DCC6 = {
						CreatedOnToolsVersion = 8.0;
						ProvisioningStyle = Automatic;
						TestTargetID = 38B06D591DF63A740003DCC6;
					};
				};
			};
			buildConfigurationList = 38B06D551DF63A740003DCC6 /* Build configuration list for PBXProject "stackStack" */;
			compatibilityVersion = "Xcode 3.2";
			developmentRegion = English;
			hasScannedForEncodings = 0;
			knownRegions = (
				en,
				Base,
			);
			mainGroup = 38B06D511DF63A740003DCC6;
			productRefGroup = 38B06D5B1DF63A750003DCC6 /* Products */;
			projectDirPath = "";
			projectRoot = "";
			targets = (
				38B06D591DF63A740003DCC6 /* stackStack */,
				38B06D6D1DF63A760003DCC6 /* stackStackTests */,
				38B06D781DF63A760003DCC6 /* stackStackUITests */,
			);
		};
/* End PBXProject section */

/* Begin PBXResourcesBuildPhase section */
		38B06D581DF63A740003DCC6 /* Resources */ = {
			isa = PBXResourcesBuildPhase;
			buildActionMask = 2147483647;
			files = (
				38B06D681DF63A750003DCC6 /* LaunchScreen.storyboard in Resources */,
				38B06D651DF63A750003DCC6 /* Assets.xcassets in Resources */,
				38B06D631DF63A750003DCC6 /* Main.storyboard in Resources */,
			);
			runOnlyForDeploymentPostprocessing = 0;
		};
		38B06D6C1DF63A760003DCC6 /* Resources */ = {
			isa = PBXResourcesBuildPhase;
			buildActionMask = 2147483647;
			files = (
			);
			runOnlyForDeploymentPostprocessing = 0;
		};
		38B06D771DF63A760003DCC6 /* Resources */ = {
			isa = PBXResourcesBuildPhase;
			buildActionMask = 2147483647;
			files = (
			);
			runOnlyForDeploymentPostprocessing = 0;
		};
/* End PBXResourcesBuildPhase section */

/* Begin PBXSourcesBuildPhase section */
		38B06D561DF63A740003DCC6 /* Sources */ = {
			isa = PBXSourcesBuildPhase;
			buildActionMask = 2147483647;
			files = (
				38B06D601DF63A750003DCC6 /* ViewController.swift in Sources */,
				38B06D5E1DF63A750003DCC6 /* AppDelegate.swift in Sources */,
			);
			runOnlyForDeploymentPostprocessing = 0;
		};
		38B06D6A1DF63A760003DCC6 /* Sources */ = {
			isa = PBXSourcesBuildPhase;
			buildActionMask = 2147483647;
			files = (
				38B06D731DF63A760003DCC6 /* stackStackTests.swift in Sources */,
			);
			runOnlyForDeploymentPostprocessing = 0;
		};
		38B06D751DF63A760003DCC6 /* Sources */ = {
			isa = PBXSourcesBuildPhase;
			buildActionMask = 2147483647;
			files = (
				38B06D7E1DF63A760003DCC6 /* stackStackUITests.swift in Sources */,
			);
			runOnlyForDeploymentPostprocessing = 0;
		};
/* End PBXSourcesBuildPhase section */

/* Begin PBXTargetDependency section */
		38B06D701DF63A760003DCC6 /* PBXTargetDependency */ = {
			isa = PBXTargetDependency;
			target = 38B06D591DF63A740003DCC6 /* stackStack */;
			targetProxy = 38B06D6F1DF63A760003DCC6 /* PBXContainerItemProxy */;
		};
		38B06D7B1DF63A760003DCC6 /* PBXTargetDependency */ = {
			isa = PBXTargetDependency;
			target = 38B06D591DF63A740003DCC6 /* stackStack */;
			targetProxy = 38B06D7A1DF63A760003DCC6 /* PBXContainerItemProxy */;
		};
/* End PBXTargetDependency section */

/* Begin PBXVariantGroup section */
		38B06D611DF63A750003DCC6 /* Main.storyboard */ = {
			isa = PBXVariantGroup;
			children = (
				38B06D621DF63A750003DCC6 /* Base */,
			);
			name = Main.storyboard;
			sourceTree = "<group>";
		};
		38B06D661DF63A750003DCC6 /* LaunchScreen.storyboard */ = {
			isa = PBXVariantGroup;
			children = (
				38B06D671DF63A750003DCC6 /* Base */,
			);
			name = LaunchScreen.storyboard;
			sourceTree = "<group>";
		};
/* End PBXVariantGroup section */

/* Begin XCBuildConfiguration section */
		38B06D801DF63A760003DCC6 /* Debug */ = {
			isa = XCBuildConfiguration;
			buildSettings = {
				ALWAYS_SEARCH_USER_PATHS = NO;
				CLANG_ANALYZER_NONNULL = YES;
				CLANG_CXX_LANGUAGE_STANDARD = "gnu++0x";
				CLANG_CXX_LIBRARY = "libc++";
				CLANG_ENABLE_MODULES = YES;
				CLANG_ENABLE_OBJC_ARC = YES;
				CLANG_WARN_BOOL_CONVERSION = YES;
				CLANG_WARN_CONSTANT_CONVERSION = YES;
				CLANG_WARN_DIRECT_OBJC_ISA_USAGE = YES_ERROR;
				CLANG_WARN_DOCUMENTATION_COMMENTS = YES;
				CLANG_WARN_EMPTY_BODY = YES;
				CLANG_WARN_ENUM_CONVERSION = YES;
				CLANG_WARN_INFINITE_RECURSION = YES;
				CLANG_WARN_INT_CONVERSION = YES;
				CLANG_WARN_OBJC_ROOT_CLASS = YES_ERROR;
				CLANG_WARN_SUSPICIOUS_MOVES = YES;
				CLANG_WARN_UNREACHABLE_CODE = YES;
				CLANG_WARN__DUPLICATE_METHOD_MATCH = YES;
				"CODE_SIGN_IDENTITY[sdk=iphoneos*]" = "iPhone Developer";
				COPY_PHASE_STRIP = NO;
				DEBUG_INFORMATION_FORMAT = dwarf;
				ENABLE_STRICT_OBJC_MSGSEND = YES;
				ENABLE_TESTABILITY = YES;
				GCC_C_LANGUAGE_STANDARD = gnu99;
				GCC_DYNAMIC_NO_PIC = NO;
				GCC_NO_COMMON_BLOCKS = YES;
				GCC_OPTIMIZATION_LEVEL = 0;
				GCC_PREPROCESSOR_DEFINITIONS = (
					"DEBUG=1",
					"$(inherited)",
				);
				GCC_WARN_64_TO_32_BIT_CONVERSION = YES;
				GCC_WARN_ABOUT_RETURN_TYPE = YES_ERROR;
				GCC_WARN_UNDECLARED_SELECTOR = YES;
				GCC_WARN_UNINITIALIZED_AUTOS = YES_AGGRESSIVE;
				GCC_WARN_UNUSED_FUNCTION = YES;
				GCC_WARN_UNUSED_VARIABLE = YES;
				IPHONEOS_DEPLOYMENT_TARGET = 10.0;
				MTL_ENABLE_DEBUG_INFO = YES;
				ONLY_ACTIVE_ARCH = YES;
				SDKROOT = iphoneos;
				SWIFT_ACTIVE_COMPILATION_CONDITIONS = DEBUG;
				SWIFT_OPTIMIZATION_LEVEL = "-Onone";
				TARGETED_DEVICE_FAMILY = "1,2";
			};
			name = Debug;
		};
		38B06D811DF63A760003DCC6 /* Release */ = {
			isa = XCBuildConfiguration;
			buildSettings = {
				ALWAYS_SEARCH_USER_PATHS = NO;
				CLANG_ANALYZER_NONNULL = YES;
				CLANG_CXX_LANGUAGE_STANDARD = "gnu++0x";
				CLANG_CXX_LIBRARY = "libc++";
				CLANG_ENABLE_MODULES = YES;
				CLANG_ENABLE_OBJC_ARC = YES;
				CLANG_WARN_BOOL_CONVERSION = YES;
				CLANG_WARN_CONSTANT_CONVERSION = YES;
				CLANG_WARN_DIRECT_OBJC_ISA_USAGE = YES_ERROR;
				CLANG_WARN_DOCUMENTATION_COMMENTS = YES;
				CLANG_WARN_EMPTY_BODY = YES;
				CLANG_WARN_ENUM_CONVERSION = YES;
				CLANG_WARN_INFINITE_RECURSION = YES;
				CLANG_WARN_INT_CONVERSION = YES;
				CLANG_WARN_OBJC_ROOT_CLASS = YES_ERROR;
				CLANG_WARN_SUSPICIOUS_MOVES = YES;
				CLANG_WARN_UNREACHABLE_CODE = YES;
				CLANG_WARN__DUPLICATE_METHOD_MATCH = YES;
				"CODE_SIGN_IDENTITY[sdk=iphoneos*]" = "iPhone Developer";
				COPY_PHASE_STRIP = NO;
				DEBUG_INFORMATION_FORMAT = "dwarf-with-dsym";
				ENABLE_NS_ASSERTIONS = NO;
				ENABLE_STRICT_OBJC_MSGSEND = YES;
				GCC_C_LANGUAGE_STANDARD = gnu99;
				GCC_NO_COMMON_BLOCKS = YES;
				GCC_WARN_64_TO_32_BIT_CONVERSION = YES;
				GCC_WARN_ABOUT_RETURN_TYPE = YES_ERROR;
				GCC_WARN_UNDECLARED_SELECTOR = YES;
				GCC_WARN_UNINITIALIZED_AUTOS = YES_AGGRESSIVE;
				GCC_WARN_UNUSED_FUNCTION = YES;
				GCC_WARN_UNUSED_VARIABLE = YES;
				IPHONEOS_DEPLOYMENT_TARGET = 10.0;
				MTL_ENABLE_DEBUG_INFO = NO;
				SDKROOT = iphoneos;
				SWIFT_OPTIMIZATION_LEVEL = "-Owholemodule";
				TARGETED_DEVICE_FAMILY = "1,2";
				VALIDATE_PRODUCT = YES;
			};
			name = Release;
		};
		38B06D831DF63A760003DCC6 /* Debug */ = {
			isa = XCBuildConfiguration;
			buildSettings = {
				ASSETCATALOG_COMPILER_APPICON_NAME = AppIcon;
				INFOPLIST_FILE = stackStack/Info.plist;
				LD_RUNPATH_SEARCH_PATHS = "$(inherited) @executable_path/Frameworks";
				PRODUCT_BUNDLE_IDENTIFIER = Ozair.stackStack;
				PRODUCT_NAME = "$(TARGET_NAME)";
				SWIFT_VERSION = 3.0;
			};
			name = Debug;
		};
		38B06D841DF63A760003DCC6 /* Release */ = {
			isa = XCBuildConfiguration;
			buildSettings = {
				ASSETCATALOG_COMPILER_APPICON_NAME = AppIcon;
				INFOPLIST_FILE = stackStack/Info.plist;
				LD_RUNPATH_SEARCH_PATHS = "$(inherited) @executable_path/Frameworks";
				PRODUCT_BUNDLE_IDENTIFIER = Ozair.stackStack;
				PRODUCT_NAME = "$(TARGET_NAME)";
				SWIFT_VERSION = 3.0;
			};
			name = Release;
		};
		38B06D861DF63A760003DCC6 /* Debug */ = {
			isa = XCBuildConfiguration;
			buildSettings = {
				ALWAYS_EMBED_SWIFT_STANDARD_LIBRARIES = YES;
				BUNDLE_LOADER = "$(TEST_HOST)";
				INFOPLIST_FILE = stackStackTests/Info.plist;
				LD_RUNPATH_SEARCH_PATHS = "$(inherited) @executable_path/Frameworks @loader_path/Frameworks";
				PRODUCT_BUNDLE_IDENTIFIER = Ozair.stackStackTests;
				PRODUCT_NAME = "$(TARGET_NAME)";
				SWIFT_VERSION = 3.0;
				TEST_HOST = "$(BUILT_PRODUCTS_DIR)/stackStack.app/stackStack";
			};
			name = Debug;
		};
		38B06D871DF63A760003DCC6 /* Release */ = {
			isa = XCBuildConfiguration;
			buildSettings = {
				ALWAYS_EMBED_SWIFT_STANDARD_LIBRARIES = YES;
				BUNDLE_LOADER = "$(TEST_HOST)";
				INFOPLIST_FILE = stackStackTests/Info.plist;
				LD_RUNPATH_SEARCH_PATHS = "$(inherited) @executable_path/Frameworks @loader_path/Frameworks";
				PRODUCT_BUNDLE_IDENTIFIER = Ozair.stackStackTests;
				PRODUCT_NAME = "$(TARGET_NAME)";
				SWIFT_VERSION = 3.0;
				TEST_HOST = "$(BUILT_PRODUCTS_DIR)/stackStack.app/stackStack";
			};
			name = Release;
		};
		38B06D891DF63A760003DCC6 /* Debug */ = {
			isa = XCBuildConfiguration;
			buildSettings = {
				ALWAYS_EMBED_SWIFT_STANDARD_LIBRARIES = YES;
				INFOPLIST_FILE = stackStackUITests/Info.plist;
				LD_RUNPATH_SEARCH_PATHS = "$(inherited) @executable_path/Frameworks @loader_path/Frameworks";
				PRODUCT_BUNDLE_IDENTIFIER = Ozair.stackStackUITests;
				PRODUCT_NAME = "$(TARGET_NAME)";
				SWIFT_VERSION = 3.0;
				TEST_TARGET_NAME = stackStack;
			};
			name = Debug;
		};
		38B06D8A1DF63A760003DCC6 /* Release */ = {
			isa = XCBuildConfiguration;
			buildSettings = {
				ALWAYS_EMBED_SWIFT_STANDARD_LIBRARIES = YES;
				INFOPLIST_FILE = stackStackUITests/Info.plist;
				LD_RUNPATH_SEARCH_PATHS = "$(inherited) @executable_path/Frameworks @loader_path/Frameworks";
				PRODUCT_BUNDLE_IDENTIFIER = Ozair.stackStackUITests;
				PRODUCT_NAME = "$(TARGET_NAME)";
				SWIFT_VERSION = 3.0;
				TEST_TARGET_NAME = stackStack;
			};
			name = Release;
		};
/* End XCBuildConfiguration section */

/* Begin XCConfigurationList section */
		38B06D551DF63A740003DCC6 /* Build configuration list for PBXProject "stackStack" */ = {
			isa = XCConfigurationList;
			buildConfigurations = (
				38B06D801DF63A760003DCC6 /* Debug */,
				38B06D811DF63A760003DCC6 /* Release */,
			);
			defaultConfigurationIsVisible = 0;
			defaultConfigurationName = Release;
		};
		38B06D821DF63A760003DCC6 /* Build configuration list for PBXNativeTarget "stackStack" */ = {
			isa = XCConfigurationList;
			buildConfigurations = (
				38B06D831DF63A760003DCC6 /* Debug */,
				38B06D841DF63A760003DCC6 /* Release */,
			);
			defaultConfigurationIsVisible = 0;
		};
		38B06D851DF63A760003DCC6 /* Build configuration list for PBXNativeTarget "stackStackTests" */ = {
			isa = XCConfigurationList;
			buildConfigurations = (
				38B06D861DF63A760003DCC6 /* Debug */,
				38B06D871DF63A760003DCC6 /* Release */,
			);
			defaultConfigurationIsVisible = 0;
		};
		38B06D881DF63A760003DCC6 /* Build configuration list for PBXNativeTarget "stackStackUITests" */ = {
			isa = XCConfigurationList;
			buildConfigurations = (
				38B06D891DF63A760003DCC6 /* Debug */,
				38B06D8A1DF63A760003DCC6 /* Release */,
			);
			defaultConfigurationIsVisible = 0;
		};
/* End XCConfigurationList section */
	};
	rootObject = 38B06D521DF63A740003DCC6 /* Project object */;
}
